
Microsoft Visual Studio Solution File, Format Version 12.00
Project("{FAE04EC0-301F-11D3-BF4B-00C04F79EFBC}") = "Order.API", "Order.API\Order.API.csproj", "{842D2DE7-6889-49DF-9930-7DA1EC619BF1}"
EndProject
Project("{FAE04EC0-301F-11D3-BF4B-00C04F79EFBC}") = "Shared", "Shared\Shared.csproj", "{81B8AF5E-F7E6-4EA5-B831-580FA5EF4370}"
EndProject
Project("{FAE04EC0-301F-11D3-BF4B-00C04F79EFBC}") = "Stock.API", "Stock.API\Stock.API.csproj", "{A51368CF-74F2-4EFD-A39D-BED64C6583F5}"
EndProject
Project("{FAE04EC0-301F-11D3-BF4B-00C04F79EFBC}") = "Payment.API", "Payment.API\Payment.API.csproj", "{C2E214C0-AA80-40A2-8C70-476328E1C606}"
EndProject
Global
	GlobalSection(SolutionConfigurationPlatforms) = preSolution
		Debug|Any CPU = Debug|Any CPU
		Release|Any CPU = Release|Any CPU
	EndGlobalSection
	GlobalSection(ProjectConfigurationPlatforms) = postSolution
		{842D2DE7-6889-49DF-9930-7DA1EC619BF1}.Debug|Any CPU.ActiveCfg = Debug|Any CPU
		{842D2DE7-6889-49DF-9930-7DA1EC619BF1}.Debug|Any CPU.Build.0 = Debug|Any CPU
		{842D2DE7-6889-49DF-9930-7DA1EC619BF1}.Release|Any CPU.ActiveCfg = Release|Any CPU
		{842D2DE7-6889-49DF-9930-7DA1EC619BF1}.Release|Any CPU.Build.0 = Release|Any CPU
		{81B8AF5E-F7E6-4EA5-B831-580FA5EF4370}.Debug|Any CPU.ActiveCfg = Debug|Any CPU
		{81B8AF5E-F7E6-4EA5-B831-580FA5EF4370}.Debug|Any CPU.Build.0 = Debug|Any CPU
		{81B8AF5E-F7E6-4EA5-B831-580FA5EF4370}.Release|Any CPU.ActiveCfg = Release|Any CPU
		{81B8AF5E-F7E6-4EA5-B831-580FA5EF4370}.Release|Any CPU.Build.0 = Release|Any CPU
		{A51368CF-74F2-4EFD-A39D-BED64C6583F5}.Debug|Any CPU.ActiveCfg = Debug|Any CPU
		{A51368CF-74F2-4EFD-A39D-BED64C6583F5}.Debug|Any CPU.Build.0 = Debug|Any CPU
		{A51368CF-74F2-4EFD-A39D-BED64C6583F5}.Release|Any CPU.ActiveCfg = Release|Any CPU
		{A51368CF-74F2-4EFD-A39D-BED64C6583F5}.Release|Any CPU.Build.0 = Release|Any CPU
		{C2E214C0-AA80-40A2-8C70-476328E1C606}.Debug|Any CPU.ActiveCfg = Debug|Any CPU
		{C2E214C0-AA80-40A2-8C70-476328E1C606}.Debug|Any CPU.Build.0 = Debug|Any CPU
		{C2E214C0-AA80-40A2-8C70-476328E1C606}.Release|Any CPU.ActiveCfg = Release|Any CPU
		{C2E214C0-AA80-40A2-8C70-476328E1C606}.Release|Any CPU.Build.0 = Release|Any CPU
	EndGlobalSection
EndGlobal
